<Solution>
  <Project Path="PetSaas.Api/PetSaas.Api.csproj" />
  <Project Path="PetSaas.Application/PetSaas.Application.csproj" />
  <Project Path="PetSaas.Domain/PetSaas.Domain.csproj" />
  <Project Path="PetSaas.Infrastructure/PetSaas.Infrastructure.csproj" />
  <Project Path="PetSaas.IntegrationTests/PetSaas.IntegrationTests.csproj" />
  <Project Path="PetSaas.UnitTests/PetSaas.UnitTests.csproj" />
</Solution>
